
Microsoft Visual Studio Solution File, Format Version 12.00
# Visual Studio Version 16
VisualStudioVersion = 16.0.30523.141
MinimumVisualStudioVersion = 10.0.40219.1
Project("{888888A0-9F3D-457C-B088-3A5042F75D52}") = "tf_pratice", "tf_pratice\tf_pratice.pyproj", "{9410C555-7385-47A7-BD06-7E3CACB01E39}"
EndProject
Global
	GlobalSection(SolutionConfigurationPlatforms) = preSolution
		Debug|Any CPU = Debug|Any CPU
		Release|Any CPU = Release|Any CPU
	EndGlobalSection
	GlobalSection(ProjectConfigurationPlatforms) = postSolution
		{9410C555-7385-47A7-BD06-7E3CACB01E39}.Debug|Any CPU.ActiveCfg = Debug|Any CPU
		{9410C555-7385-47A7-BD06-7E3CACB01E39}.Release|Any CPU.ActiveCfg = Release|Any CPU
	EndGlobalSection
	GlobalSection(SolutionProperties) = preSolution
		HideSolutionNode = FALSE
	EndGlobalSection
	GlobalSection(ExtensibilityGlobals) = postSolution
		SolutionGuid = {97E056F8-36C1-4115-A970-DA4396880EAD}
	EndGlobalSection
EndGlobal
